
Microsoft Visual Studio Solution File, Format Version 12.00
# Visual Studio Version 17
VisualStudioVersion = 17.0.32126.317
MinimumVisualStudioVersion = 10.0.40219.1
Project("{F184B08F-C81C-45F6-A57F-5ABD9991F28F}") = "Numbers", "Numbers.vbproj", "{58C2C260-70C4-4B4D-A21E-D28BBA3FE8A4}"
EndProject
Global
	GlobalSection(SolutionConfigurationPlatforms) = preSolution
		Debug|Any CPU = Debug|Any CPU
		Release|Any CPU = Release|Any CPU
	EndGlobalSection
	GlobalSection(ProjectConfigurationPlatforms) = postSolution
		{58C2C260-70C4-4B4D-A21E-D28BBA3FE8A4}.Debug|Any CPU.ActiveCfg = Debug|Any CPU
		{58C2C260-70C4-4B4D-A21E-D28BBA3FE8A4}.Debug|Any CPU.Build.0 = Debug|Any CPU
		{58C2C260-70C4-4B4D-A21E-D28BBA3FE8A4}.Release|Any CPU.ActiveCfg = Release|Any CPU
		{58C2C260-70C4-4B4D-A21E-D28BBA3FE8A4}.Release|Any CPU.Build.0 = Release|Any CPU
	EndGlobalSection
	GlobalSection(SolutionProperties) = preSolution
		HideSolutionNode = FALSE
	EndGlobalSection
	GlobalSection(ExtensibilityGlobals) = postSolution
		SolutionGuid = {4371E742-1927-48FB-9EBE-01FCD6A4C368}
	EndGlobalSection
EndGlobal
